
Microsoft Visual Studio Solution File, Format Version 12.00
# Visual Studio Version 17
VisualStudioVersion = 17.5.33414.496
MinimumVisualStudioVersion = 10.0.40219.1
Project("{9A19103F-16F7-4668-BE54-9A1E7A4F7556}") = "Vrm.Dependency1", "..\Vmr.Dependency1\Vrm.Dependency1\Vrm.Dependency1.csproj", "{2185A07E-6EBA-408C-90F5-4C8E13EB613B}"
EndProject
Project("{9A19103F-16F7-4668-BE54-9A1E7A4F7556}") = "Vmr.Dependency2", "..\Vmr.Dependency2\Vmr.Dependency2\Vmr.Dependency2.csproj", "{271DBD3E-C8E1-491C-8EFF-0F611A6DD346}"
EndProject
Global
	GlobalSection(SolutionConfigurationPlatforms) = preSolution
		Debug|Any CPU = Debug|Any CPU
		Release|Any CPU = Release|Any CPU
	EndGlobalSection
	GlobalSection(ProjectConfigurationPlatforms) = postSolution
		{2185A07E-6EBA-408C-90F5-4C8E13EB613B}.Debug|Any CPU.ActiveCfg = Debug|Any CPU
		{2185A07E-6EBA-408C-90F5-4C8E13EB613B}.Debug|Any CPU.Build.0 = Debug|Any CPU
		{2185A07E-6EBA-408C-90F5-4C8E13EB613B}.Release|Any CPU.ActiveCfg = Release|Any CPU
		{2185A07E-6EBA-408C-90F5-4C8E13EB613B}.Release|Any CPU.Build.0 = Release|Any CPU
		{271DBD3E-C8E1-491C-8EFF-0F611A6DD346}.Debug|Any CPU.ActiveCfg = Debug|Any CPU
		{271DBD3E-C8E1-491C-8EFF-0F611A6DD346}.Debug|Any CPU.Build.0 = Debug|Any CPU
		{271DBD3E-C8E1-491C-8EFF-0F611A6DD346}.Release|Any CPU.ActiveCfg = Release|Any CPU
		{271DBD3E-C8E1-491C-8EFF-0F611A6DD346}.Release|Any CPU.Build.0 = Release|Any CPU
	EndGlobalSection
	GlobalSection(SolutionProperties) = preSolution
		HideSolutionNode = FALSE
	EndGlobalSection
	GlobalSection(ExtensibilityGlobals) = postSolution
		SolutionGuid = {250B0C41-40F6-4E9B-9933-67E51A0254BA}
	EndGlobalSection
EndGlobal
